// !$*UTF8*$!
{
	archiveVersion = 1;
	classes = {
	};
	objectVersion = 54;
	objects = {

/* Begin PBXBuildFile section */
		C559A2D02ACF65F100E991DA /* AppDelegate.swift in Sources */ = {isa = PBXBuildFile; fileRef = C559A2CF2ACF65F100E991DA /* AppDelegate.swift */; };
		C559A2D22ACF65F100E991DA /* SceneDelegate.swift in Sources */ = {isa = PBXBuildFile; fileRef = C559A2D12ACF65F100E991DA /* SceneDelegate.swift */; };
		C559A2D42ACF65F100E991DA /* ViewController.swift in Sources */ = {isa = PBXBuildFile; fileRef = C559A2D32ACF65F100E991DA /* ViewController.swift */; };
		C559A2D72ACF65F100E991DA /* Main.storyboard in Resources */ = {isa = PBXBuildFile; fileRef = C559A2D52ACF65F100E991DA /* Main.storyboard */; };
		C559A2D92ACF65F300E991DA /* Assets.xcassets in Resources */ = {isa = PBXBuildFile; fileRef = C559A2D82ACF65F300E991DA /* Assets.xcassets */; };
		C559A2DC2ACF65F300E991DA /* LaunchScreen.storyboard in Resources */ = {isa = PBXBuildFile; fileRef = C559A2DA2ACF65F300E991DA /* LaunchScreen.storyboard */; };
		C559A2E52ACF6A1F00E991DA /* Home.storyboard in Resources */ = {isa = PBXBuildFile; fileRef = C559A2E42ACF6A1F00E991DA /* Home.storyboard */; };
		C559A2E72ACF6AF700E991DA /* Group.storyboard in Resources */ = {isa = PBXBuildFile; fileRef = C559A2E62ACF6AF700E991DA /* Group.storyboard */; };
/* End PBXBuildFile section */

/* Begin PBXFileReference section */
		C559A2CC2ACF65F100E991DA /* DesignWorks.app */ = {isa = PBXFileReference; explicitFileType = wrapper.application; includeInIndex = 0; path = DesignWorks.app; sourceTree = BUILT_PRODUCTS_DIR; };
		C559A2CF2ACF65F100E991DA /* AppDelegate.swift */ = {isa = PBXFileReference; lastKnownFileType = sourcecode.swift; path = AppDelegate.swift; sourceTree = "<group>"; };
		C559A2D12ACF65F100E991DA /* SceneDelegate.swift */ = {isa = PBXFileReference; lastKnownFileType = sourcecode.swift; path = SceneDelegate.swift; sourceTree = "<group>"; };
		C559A2D32ACF65F100E991DA /* ViewController.swift */ = {isa = PBXFileReference; lastKnownFileType = sourcecode.swift; path = ViewController.swift; sourceTree = "<group>"; };
		C559A2D62ACF65F100E991DA /* Base */ = {isa = PBXFileReference; lastKnownFileType = file.storyboard; name = Base; path = Base.lproj/Main.storyboard; sourceTree = "<group>"; };
		C559A2D82ACF65F300E991DA /* Assets.xcassets */ = {isa = PBXFileReference; lastKnownFileType = folder.assetcatalog; path = Assets.xcassets; sourceTree = "<group>"; };
		C559A2DB2ACF65F300E991DA /* Base */ = {isa = PBXFileReference; lastKnownFileType = file.storyboard; name = Base; path = Base.lproj/LaunchScreen.storyboard; sourceTree = "<group>"; };
		C559A2DD2ACF65F300E991DA /* Info.plist */ = {isa = PBXFileReference; lastKnownFileType = text.plist.xml; path = Info.plist; sourceTree = "<group>"; };
		C559A2E42ACF6A1F00E991DA /* Home.storyboard */ = {isa = PBXFileReference; lastKnownFileType = file.storyboard; path = Home.storyboard; sourceTree = "<group>"; };
		C559A2E62ACF6AF700E991DA /* Group.storyboard */ = {isa = PBXFileReference; lastKnownFileType = file.storyboard; path = Group.storyboard; sourceTree = "<group>"; };
/* End PBXFileReference section */

/* Begin PBXFrameworksBuildPhase section */
		C559A2C92ACF65F100E991DA /* Frameworks */ = {
			isa = PBXFrameworksBuildPhase;
			buildActionMask = 2147483647;
			files = (
			);
			runOnlyForDeploymentPostprocessing = 0;
		};
/* End PBXFrameworksBuildPhase section */

/* Begin PBXGroup section */
		C559A2C32ACF65F100E991DA = {
			isa = PBXGroup;
			children = (
				C559A2CE2ACF65F100E991DA /* DesignWorks */,
				C559A2CD2ACF65F100E991DA /* Products */,
			);
			sourceTree = "<group>";
		};
		C559A2CD2ACF65F100E991DA /* Products */ = {
			isa = PBXGroup;
			children = (
				C559A2CC2ACF65F100E991DA /* DesignWorks.app */,
			);
			name = Products;
			sourceTree = "<group>";
		};
		C559A2CE2ACF65F100E991DA /* DesignWorks */ = {
			isa = PBXGroup;
			children = (
				C559A2E32ACF6A0400E991DA /* Storyboards */,
				C559A2CF2ACF65F100E991DA /* AppDelegate.swift */,
				C559A2D12ACF65F100E991DA /* SceneDelegate.swift */,
				C559A2D32ACF65F100E991DA /* ViewController.swift */,
				C559A2D82ACF65F300E991DA /* Assets.xcassets */,
				C559A2DA2ACF65F300E991DA /* LaunchScreen.storyboard */,
				C559A2DD2ACF65F300E991DA /* Info.plist */,
			);
			path = DesignWorks;
			sourceTree = "<group>";
		};
		C559A2E32ACF6A0400E991DA /* Storyboards */ = {
			isa = PBXGroup;
			children = (
				C559A2D52ACF65F100E991DA /* Main.storyboard */,
				C559A2E42ACF6A1F00E991DA /* Home.storyboard */,
				C559A2E62ACF6AF700E991DA /* Group.storyboard */,
			);
			path = Storyboards;
			sourceTree = "<group>";
		};
/* End PBXGroup section */

/* Begin PBXNativeTarget section */
		C559A2CB2ACF65F100E991DA /* DesignWorks */ = {
			isa = PBXNativeTarget;
			buildConfigurationList = C559A2E02ACF65F300E991DA /* Build configuration list for PBXNativeTarget "DesignWorks" */;
			buildPhases = (
				C559A2C82ACF65F100E991DA /* Sources */,
				C559A2C92ACF65F100E991DA /* Frameworks */,
				C559A2CA2ACF65F100E991DA /* Resources */,
			);
			buildRules = (
			);
			dependencies = (
			);
			name = DesignWorks;
			productName = DesignWorks;
			productReference = C559A2CC2ACF65F100E991DA /* DesignWorks.app */;
			productType = "com.apple.product-type.application";
		};
/* End PBXNativeTarget section */

/* Begin PBXProject section */
		C559A2C42ACF65F100E991DA /* Project object */ = {
			isa = PBXProject;
			attributes = {
				BuildIndependentTargetsInParallel = 1;
				LastSwiftUpdateCheck = 1300;
				LastUpgradeCheck = 1300;
				TargetAttributes = {
					C559A2CB2ACF65F100E991DA = {
						CreatedOnToolsVersion = 13.0;
					};
				};
			};
			buildConfigurationList = C559A2C72ACF65F100E991DA /* Build configuration list for PBXProject "DesignWorks" */;
			compatibilityVersion = "Xcode 12.0";
			developmentRegion = en;
			hasScannedForEncodings = 0;
			knownRegions = (
				en,
				Base,
			);
			mainGroup = C559A2C32ACF65F100E991DA;
			productRefGroup = C559A2CD2ACF65F100E991DA /* Products */;
			projectDirPath = "";
			projectRoot = "";
			targets = (
				C559A2CB2ACF65F100E991DA /* DesignWorks */,
			);
		};
/* End PBXProject section */

/* Begin PBXResourcesBuildPhase section */
		C559A2CA2ACF65F100E991DA /* Resources */ = {
			isa = PBXResourcesBuildPhase;
			buildActionMask = 2147483647;
			files = (
				C559A2DC2ACF65F300E991DA /* LaunchScreen.storyboard in Resources */,
				C559A2D92ACF65F300E991DA /* Assets.xcassets in Resources */,
				C559A2D72ACF65F100E991DA /* Main.storyboard in Resources */,
				C559A2E52ACF6A1F00E991DA /* Home.storyboard in Resources */,
				C559A2E72ACF6AF700E991DA /* Group.storyboard in Resources */,
			);
			runOnlyForDeploymentPostprocessing = 0;
		};
/* End PBXResourcesBuildPhase section */

/* Begin PBXSourcesBuildPhase section */
		C559A2C82ACF65F100E991DA /* Sources */ = {
			isa = PBXSourcesBuildPhase;
			buildActionMask = 2147483647;
			files = (
				C559A2D42ACF65F100E991DA /* ViewController.swift in Sources */,
				C559A2D02ACF65F100E991DA /* AppDelegate.swift in Sources */,
				C559A2D22ACF65F100E991DA /* SceneDelegate.swift in Sources */,
			);
			runOnlyForDeploymentPostprocessing = 0;
		};
/* End PBXSourcesBuildPhase section */

/* Begin PBXVariantGroup section */
		C559A2D52ACF65F100E991DA /* Main.storyboard */ = {
			isa = PBXVariantGroup;
			children = (
				C559A2D62ACF65F100E991DA /* Base */,
			);
			name = Main.storyboard;
			sourceTree = "<group>";
		};
		C559A2DA2ACF65F300E991DA /* LaunchScreen.storyboard */ = {
			isa = PBXVariantGroup;
			children = (
				C559A2DB2ACF65F300E991DA /* Base */,
			);
			name = LaunchScreen.storyboard;
			sourceTree = "<group>";
		};
/* End PBXVariantGroup section */

/* Begin XCBuildConfiguration section */
		C559A2DE2ACF65F300E991DA /* Debug */ = {
			isa = XCBuildConfiguration;
			buildSettings = {
				ALWAYS_SEARCH_USER_PATHS = NO;
				CLANG_ANALYZER_NONNULL = YES;
				CLANG_ANALYZER_NUMBER_OBJECT_CONVERSION = YES_AGGRESSIVE;
				CLANG_CXX_LANGUAGE_STANDARD = "gnu++17";
				CLANG_CXX_LIBRARY = "libc++";
				CLANG_ENABLE_MODULES = YES;
				CLANG_ENABLE_OBJC_ARC = YES;
				CLANG_ENABLE_OBJC_WEAK = YES;
				CLANG_WARN_BLOCK_CAPTURE_AUTORELEASING = YES;
				CLANG_WARN_BOOL_CONVERSION = YES;
				CLANG_WARN_COMMA = YES;
				CLANG_WARN_CONSTANT_CONVERSION = YES;
				CLANG_WARN_DEPRECATED_OBJC_IMPLEMENTATIONS = YES;
				CLANG_WARN_DIRECT_OBJC_ISA_USAGE = YES_ERROR;
				CLANG_WARN_DOCUMENTATION_COMMENTS = YES;
				CLANG_WARN_EMPTY_BODY = YES;
				CLANG_WARN_ENUM_CONVERSION = YES;
				CLANG_WARN_INFINITE_RECURSION = YES;
				CLANG_WARN_INT_CONVERSION = YES;
				CLANG_WARN_NON_LITERAL_NULL_CONVERSION = YES;
				CLANG_WARN_OBJC_IMPLICIT_RETAIN_SELF = YES;
				CLANG_WARN_OBJC_LITERAL_CONVERSION = YES;
				CLANG_WARN_OBJC_ROOT_CLASS = YES_ERROR;
				CLANG_WARN_QUOTED_INCLUDE_IN_FRAMEWORK_HEADER = YES;
				CLANG_WARN_RANGE_LOOP_ANALYSIS = YES;
				CLANG_WARN_STRICT_PROTOTYPES = YES;
				CLANG_WARN_SUSPICIOUS_MOVE = YES;
				CLANG_WARN_UNGUARDED_AVAILABILITY = YES_AGGRESSIVE;
				CLANG_WARN_UNREACHABLE_CODE = YES;
				CLANG_WARN__DUPLICATE_METHOD_MATCH = YES;
				COPY_PHASE_STRIP = NO;
				DEBUG_INFORMATION_FORMAT = dwarf;
				ENABLE_STRICT_OBJC_MSGSEND = YES;
				ENABLE_TESTABILITY = YES;
				GCC_C_LANGUAGE_STANDARD = gnu11;
				GCC_DYNAMIC_NO_PIC = NO;
				GCC_NO_COMMON_BLOCKS = YES;
				GCC_OPTIMIZATION_LEVEL = 0;
				GCC_PREPROCESSOR_DEFINITIONS = (
					"DEBUG=1",
					"$(inherited)",
				);
				GCC_WARN_64_TO_32_BIT_CONVERSION = YES;
				GCC_WARN_ABOUT_RETURN_TYPE = YES_ERROR;
				GCC_WARN_UNDECLARED_SELECTOR = YES;
				GCC_WARN_UNINITIALIZED_AUTOS = YES_AGGRESSIVE;
				GCC_WARN_UNUSED_FUNCTION = YES;
				GCC_WARN_UNUSED_VARIABLE = YES;
				IPHONEOS_DEPLOYMENT_TARGET = 15.0;
				MTL_ENABLE_DEBUG_INFO = INCLUDE_SOURCE;
				MTL_FAST_MATH = YES;
				ONLY_ACTIVE_ARCH = YES;
				SDKROOT = iphoneos;
				SWIFT_ACTIVE_COMPILATION_CONDITIONS = DEBUG;
				SWIFT_OPTIMIZATION_LEVEL = "-Onone";
			};
			name = Debug;
		};
		C559A2DF2ACF65F300E991DA /* Release */ = {
			isa = XCBuildConfiguration;
			buildSettings = {
				ALWAYS_SEARCH_USER_PATHS = NO;
				CLANG_ANALYZER_NONNULL = YES;
				CLANG_ANALYZER_NUMBER_OBJECT_CONVERSION = YES_AGGRESSIVE;
				CLANG_CXX_LANGUAGE_STANDARD = "gnu++17";
				CLANG_CXX_LIBRARY = "libc++";
				CLANG_ENABLE_MODULES = YES;
				CLANG_ENABLE_OBJC_ARC = YES;
				CLANG_ENABLE_OBJC_WEAK = YES;
				CLANG_WARN_BLOCK_CAPTURE_AUTORELEASING = YES;
				CLANG_WARN_BOOL_CONVERSION = YES;
				CLANG_WARN_COMMA = YES;
				CLANG_WARN_CONSTANT_CONVERSION = YES;
				CLANG_WARN_DEPRECATED_OBJC_IMPLEMENTATIONS = YES;
				CLANG_WARN_DIRECT_OBJC_ISA_USAGE = YES_ERROR;
				CLANG_WARN_DOCUMENTATION_COMMENTS = YES;
				CLANG_WARN_EMPTY_BODY = YES;
				CLANG_WARN_ENUM_CONVERSION = YES;
				CLANG_WARN_INFINITE_RECURSION = YES;
				CLANG_WARN_INT_CONVERSION = YES;
				CLANG_WARN_NON_LITERAL_NULL_CONVERSION = YES;
				CLANG_WARN_OBJC_IMPLICIT_RETAIN_SELF = YES;
				CLANG_WARN_OBJC_LITERAL_CONVERSION = YES;
				CLANG_WARN_OBJC_ROOT_CLASS = YES_ERROR;
				CLANG_WARN_QUOTED_INCLUDE_IN_FRAMEWORK_HEADER = YES;
				CLANG_WARN_RANGE_LOOP_ANALYSIS = YES;
				CLANG_WARN_STRICT_PROTOTYPES = YES;
				CLANG_WARN_SUSPICIOUS_MOVE = YES;
				CLANG_WARN_UNGUARDED_AVAILABILITY = YES_AGGRESSIVE;
				CLANG_WARN_UNREACHABLE_CODE = YES;
				CLANG_WARN__DUPLICATE_METHOD_MATCH = YES;
				COPY_PHASE_STRIP = NO;
				DEBUG_INFORMATION_FORMAT = "dwarf-with-dsym";
				ENABLE_NS_ASSERTIONS = NO;
				ENABLE_STRICT_OBJC_MSGSEND = YES;
				GCC_C_LANGUAGE_STANDARD = gnu11;
				GCC_NO_COMMON_BLOCKS = YES;
				GCC_WARN_64_TO_32_BIT_CONVERSION = YES;
				GCC_WARN_ABOUT_RETURN_TYPE = YES_ERROR;
				GCC_WARN_UNDECLARED_SELECTOR = YES;
				GCC_WARN_UNINITIALIZED_AUTOS = YES_AGGRESSIVE;
				GCC_WARN_UNUSED_FUNCTION = YES;
				GCC_WARN_UNUSED_VARIABLE = YES;
				IPHONEOS_DEPLOYMENT_TARGET = 15.0;
				MTL_ENABLE_DEBUG_INFO = NO;
				MTL_FAST_MATH = YES;
				SDKROOT = iphoneos;
				SWIFT_COMPILATION_MODE = wholemodule;
				SWIFT_OPTIMIZATION_LEVEL = "-O";
				VALIDATE_PRODUCT = YES;
			};
			name = Release;
		};
		C559A2E12ACF65F300E991DA /* Debug */ = {
			isa = XCBuildConfiguration;
			buildSettings = {
				ASSETCATALOG_COMPILER_APPICON_NAME = AppIcon;
				ASSETCATALOG_COMPILER_GLOBAL_ACCENT_COLOR_NAME = AccentColor;
				CODE_SIGN_STYLE = Automatic;
				CURRENT_PROJECT_VERSION = 1;
				DEVELOPMENT_TEAM = MSGH53747P;
				GENERATE_INFOPLIST_FILE = YES;
				INFOPLIST_FILE = DesignWorks/Info.plist;
				INFOPLIST_KEY_UIApplicationSupportsIndirectInputEvents = YES;
				INFOPLIST_KEY_UILaunchStoryboardName = LaunchScreen;
				INFOPLIST_KEY_UIMainStoryboardFile = Main;
				INFOPLIST_KEY_UISupportedInterfaceOrientations_iPad = "UIInterfaceOrientationPortrait UIInterfaceOrientationPortraitUpsideDown UIInterfaceOrientationLandscapeLeft UIInterfaceOrientationLandscapeRight";
				INFOPLIST_KEY_UISupportedInterfaceOrientations_iPhone = "UIInterfaceOrientationPortrait UIInterfaceOrientationLandscapeLeft UIInterfaceOrientationLandscapeRight";
				IPHONEOS_DEPLOYMENT_TARGET = 14.0;
				LD_RUNPATH_SEARCH_PATHS = (
					"$(inherited)",
					"@executable_path/Frameworks",
				);
				MARKETING_VERSION = 1.0;
				PRODUCT_BUNDLE_IDENTIFIER = hussain.DesignWorks;
				PRODUCT_NAME = "$(TARGET_NAME)";
				SWIFT_EMIT_LOC_STRINGS = YES;
				SWIFT_VERSION = 5.0;
				TARGETED_DEVICE_FAMILY = "1,2";
			};
			name = Debug;
		};
		C559A2E22ACF65F300E991DA /* Release */ = {
			isa = XCBuildConfiguration;
			buildSettings = {
				ASSETCATALOG_COMPILER_APPICON_NAME = AppIcon;
				ASSETCATALOG_COMPILER_GLOBAL_ACCENT_COLOR_NAME = AccentColor;
				CODE_SIGN_STYLE = Automatic;
				CURRENT_PROJECT_VERSION = 1;
				DEVELOPMENT_TEAM = MSGH53747P;
				GENERATE_INFOPLIST_FILE = YES;
				INFOPLIST_FILE = DesignWorks/Info.plist;
				INFOPLIST_KEY_UIApplicationSupportsIndirectInputEvents = YES;
				INFOPLIST_KEY_UILaunchStoryboardName = LaunchScreen;
				INFOPLIST_KEY_UIMainStoryboardFile = Main;
				INFOPLIST_KEY_UISupportedInterfaceOrientations_iPad = "UIInterfaceOrientationPortrait UIInterfaceOrientationPortraitUpsideDown UIInterfaceOrientationLandscapeLeft UIInterfaceOrientationLandscapeRight";
				INFOPLIST_KEY_UISupportedInterfaceOrientations_iPhone = "UIInterfaceOrientationPortrait UIInterfaceOrientationLandscapeLeft UIInterfaceOrientationLandscapeRight";
				IPHONEOS_DEPLOYMENT_TARGET = 14.0;
				LD_RUNPATH_SEARCH_PATHS = (
					"$(inherited)",
					"@executable_path/Frameworks",
				);
				MARKETING_VERSION = 1.0;
				PRODUCT_BUNDLE_IDENTIFIER = hussain.DesignWorks;
				PRODUCT_NAME = "$(TARGET_NAME)";
				SWIFT_EMIT_LOC_STRINGS = YES;
				SWIFT_VERSION = 5.0;
				TARGETED_DEVICE_FAMILY = "1,2";
			};
			name = Release;
		};
/* End XCBuildConfiguration section */

/* Begin XCConfigurationList section */
		C559A2C72ACF65F100E991DA /* Build configuration list for PBXProject "DesignWorks" */ = {
			isa = XCConfigurationList;
			buildConfigurations = (
				C559A2DE2ACF65F300E991DA /* Debug */,
				C559A2DF2ACF65F300E991DA /* Release */,
			);
			defaultConfigurationIsVisible = 0;
			defaultConfigurationName = Release;
		};
		C559A2E02ACF65F300E991DA /* Build configuration list for PBXNativeTarget "DesignWorks" */ = {
			isa = XCConfigurationList;
			buildConfigurations = (
				C559A2E12ACF65F300E991DA /* Debug */,
				C559A2E22ACF65F300E991DA /* Release */,
			);
			defaultConfigurationIsVisible = 0;
			defaultConfigurationName = Release;
		};
/* End XCConfigurationList section */
	};
	rootObject = C559A2C42ACF65F100E991DA /* Project object */;
}
